
Microsoft Visual Studio Solution File, Format Version 12.00
# Visual Studio Version 16
VisualStudioVersion = 16.0.34407.143
MinimumVisualStudioVersion = 10.0.40219.1
Project("{FAE04EC0-301F-11D3-BF4B-00C04F79EFBC}") = "NumeroaleatorioKV-5toB", "NumeroaleatorioKV-5toB.csproj", "{9FDF4D14-5FF9-473F-9139-696677C8D166}"
EndProject
Global
	GlobalSection(SolutionConfigurationPlatforms) = preSolution
		Debug|Any CPU = Debug|Any CPU
		Release|Any CPU = Release|Any CPU
	EndGlobalSection
	GlobalSection(ProjectConfigurationPlatforms) = postSolution
		{9FDF4D14-5FF9-473F-9139-696677C8D166}.Debug|Any CPU.ActiveCfg = Debug|Any CPU
		{9FDF4D14-5FF9-473F-9139-696677C8D166}.Debug|Any CPU.Build.0 = Debug|Any CPU
		{9FDF4D14-5FF9-473F-9139-696677C8D166}.Release|Any CPU.ActiveCfg = Release|Any CPU
		{9FDF4D14-5FF9-473F-9139-696677C8D166}.Release|Any CPU.Build.0 = Release|Any CPU
	EndGlobalSection
	GlobalSection(SolutionProperties) = preSolution
		HideSolutionNode = FALSE
	EndGlobalSection
	GlobalSection(ExtensibilityGlobals) = postSolution
		SolutionGuid = {E291D9BD-E733-4339-8D72-825EE1F862F2}
	EndGlobalSection
EndGlobal
